
Microsoft Visual Studio Solution File, Format Version 12.00
# Visual Studio 15
VisualStudioVersion = 15.0.27703.2042
MinimumVisualStudioVersion = 10.0.40219.1
Project("{FAE04EC0-301F-11D3-BF4B-00C04F79EFBC}") = "GOTApp", "GOTApp\GOTApp.csproj", "{544ED0B6-8A15-4CD7-9FB8-FCCEA4907EDB}"
EndProject
Global
	GlobalSection(SolutionConfigurationPlatforms) = preSolution
		Debug|Any CPU = Debug|Any CPU
		Release|Any CPU = Release|Any CPU
	EndGlobalSection
	GlobalSection(ProjectConfigurationPlatforms) = postSolution
		{544ED0B6-8A15-4CD7-9FB8-FCCEA4907EDB}.Debug|Any CPU.ActiveCfg = Debug|Any CPU
		{544ED0B6-8A15-4CD7-9FB8-FCCEA4907EDB}.Debug|Any CPU.Build.0 = Debug|Any CPU
		{544ED0B6-8A15-4CD7-9FB8-FCCEA4907EDB}.Release|Any CPU.ActiveCfg = Release|Any CPU
		{544ED0B6-8A15-4CD7-9FB8-FCCEA4907EDB}.Release|Any CPU.Build.0 = Release|Any CPU
	EndGlobalSection
	GlobalSection(SolutionProperties) = preSolution
		HideSolutionNode = FALSE
	EndGlobalSection
	GlobalSection(ExtensibilityGlobals) = postSolution
		SolutionGuid = {B4815854-E0FC-4E65-9426-A8C0A60340C7}
	EndGlobalSection
EndGlobal
